
Microsoft Visual Studio Solution File, Format Version 12.00
# Visual Studio Version 16
VisualStudioVersion = 16.0.30517.126
MinimumVisualStudioVersion = 10.0.40219.1
Project("{FAE04EC0-301F-11D3-BF4B-00C04F79EFBC}") = "QR Code Generator", "QR Code Generator\QR Code Generator.csproj", "{2FD48764-7DFD-4A8F-B09A-E09B99E9EBB0}"
EndProject
Global
	GlobalSection(SolutionConfigurationPlatforms) = preSolution
		Debug|Any CPU = Debug|Any CPU
		Release|Any CPU = Release|Any CPU
	EndGlobalSection
	GlobalSection(ProjectConfigurationPlatforms) = postSolution
		{2FD48764-7DFD-4A8F-B09A-E09B99E9EBB0}.Debug|Any CPU.ActiveCfg = Debug|Any CPU
		{2FD48764-7DFD-4A8F-B09A-E09B99E9EBB0}.Debug|Any CPU.Build.0 = Debug|Any CPU
		{2FD48764-7DFD-4A8F-B09A-E09B99E9EBB0}.Release|Any CPU.ActiveCfg = Release|Any CPU
		{2FD48764-7DFD-4A8F-B09A-E09B99E9EBB0}.Release|Any CPU.Build.0 = Release|Any CPU
	EndGlobalSection
	GlobalSection(SolutionProperties) = preSolution
		HideSolutionNode = FALSE
	EndGlobalSection
	GlobalSection(ExtensibilityGlobals) = postSolution
		SolutionGuid = {071823B2-83A2-4482-838A-716857304369}
	EndGlobalSection
EndGlobal
